Microsoft Visual Studio Solution File, Format Version 11.00
# Visual Studio 2008

Project("{13B66B60-283A-BCBF-8A2E-41517BD46318}") = "Barbarian Town", "Assembly-CSharp.csproj", "{3773F5C2-3605-B312-C722-ABF6F9924776}"
EndProject
Global
	GlobalSection(SolutionConfigurationPlatforms) = preSolution
		Debug|Any CPU = Debug|Any CPU
		Release|Any CPU = Release|Any CPU
	EndGlobalSection
	GlobalSection(ProjectConfigurationPlatforms) = postSolution
		{3773F5C2-3605-B312-C722-ABF6F9924776}.Debug|Any CPU.ActiveCfg = Debug|Any CPU
		{3773F5C2-3605-B312-C722-ABF6F9924776}.Debug|Any CPU.Build.0 = Debug|Any CPU
		{3773F5C2-3605-B312-C722-ABF6F9924776}.Release|Any CPU.ActiveCfg = Release|Any CPU
		{3773F5C2-3605-B312-C722-ABF6F9924776}.Release|Any CPU.Build.0 = Release|Any CPU
	EndGlobalSection
	GlobalSection(SolutionProperties) = preSolution
		HideSolutionNode = FALSE
	EndGlobalSection
	GlobalSection(MonoDevelopProperties) = preSolution
		StartupItem = Assembly-CSharp.csproj
	EndGlobalSection
EndGlobal
